
Microsoft Visual Studio Solution File, Format Version 12.00
# Visual Studio Version 17
VisualStudioVersion = 17.5.33424.131
MinimumVisualStudioVersion = 10.0.40219.1
Project("{9A19103F-16F7-4668-BE54-9A1E7A4F7556}") = "TigerDuplicator", "TigerDuplicator.csproj", "{F520087B-6B9A-436C-8B93-538B5709014A}"
EndProject
Project("{9A19103F-16F7-4668-BE54-9A1E7A4F7556}") = "TigerLearning", "..\TigerLearning\TigerLearning.csproj", "{7FE0EC19-1AEF-481E-9EB7-3587E2BD5703}"
EndProject
Global
	GlobalSection(SolutionConfigurationPlatforms) = preSolution
		Debug|Any CPU = Debug|Any CPU
		Release|Any CPU = Release|Any CPU
	EndGlobalSection
	GlobalSection(ProjectConfigurationPlatforms) = postSolution
		{F520087B-6B9A-436C-8B93-538B5709014A}.Debug|Any CPU.ActiveCfg = Debug|Any CPU
		{F520087B-6B9A-436C-8B93-538B5709014A}.Debug|Any CPU.Build.0 = Debug|Any CPU
		{F520087B-6B9A-436C-8B93-538B5709014A}.Release|Any CPU.ActiveCfg = Release|Any CPU
		{F520087B-6B9A-436C-8B93-538B5709014A}.Release|Any CPU.Build.0 = Release|Any CPU
		{7FE0EC19-1AEF-481E-9EB7-3587E2BD5703}.Debug|Any CPU.ActiveCfg = Debug|Any CPU
		{7FE0EC19-1AEF-481E-9EB7-3587E2BD5703}.Debug|Any CPU.Build.0 = Debug|Any CPU
		{7FE0EC19-1AEF-481E-9EB7-3587E2BD5703}.Release|Any CPU.ActiveCfg = Release|Any CPU
		{7FE0EC19-1AEF-481E-9EB7-3587E2BD5703}.Release|Any CPU.Build.0 = Release|Any CPU
	EndGlobalSection
	GlobalSection(SolutionProperties) = preSolution
		HideSolutionNode = FALSE
	EndGlobalSection
	GlobalSection(ExtensibilityGlobals) = postSolution
		SolutionGuid = {4FB8A2D0-E02A-4E39-AF1C-C80B428A3771}
	EndGlobalSection
EndGlobal
